
Microsoft Visual Studio Solution File, Format Version 12.00
# Visual Studio Version 17
VisualStudioVersion = 17.6.33829.357
MinimumVisualStudioVersion = 10.0.40219.1
Project("{FAE04EC0-301F-11D3-BF4B-00C04F79EFBC}") = "training1", "training1.csproj", "{22A5104D-49B8-4911-BED9-05229BCD594B}"
EndProject
Global
	GlobalSection(SolutionConfigurationPlatforms) = preSolution
		Debug|Any CPU = Debug|Any CPU
		Release|Any CPU = Release|Any CPU
	EndGlobalSection
	GlobalSection(ProjectConfigurationPlatforms) = postSolution
		{22A5104D-49B8-4911-BED9-05229BCD594B}.Debug|Any CPU.ActiveCfg = Debug|Any CPU
		{22A5104D-49B8-4911-BED9-05229BCD594B}.Debug|Any CPU.Build.0 = Debug|Any CPU
		{22A5104D-49B8-4911-BED9-05229BCD594B}.Release|Any CPU.ActiveCfg = Release|Any CPU
		{22A5104D-49B8-4911-BED9-05229BCD594B}.Release|Any CPU.Build.0 = Release|Any CPU
	EndGlobalSection
	GlobalSection(SolutionProperties) = preSolution
		HideSolutionNode = FALSE
	EndGlobalSection
	GlobalSection(ExtensibilityGlobals) = postSolution
		SolutionGuid = {DC0B4C42-1C76-46D8-89EE-2B33E6996D84}
	EndGlobalSection
EndGlobal
